
Microsoft Visual Studio Solution File, Format Version 12.00
# Visual Studio 15
Project("{FAE04EC0-301F-11D3-BF4B-00C04F79EFBC}") = "Assembly-CSharp", "Assembly-CSharp.csproj", "{EEA859BD-72A8-7C53-7047-B6C725518378}"
EndProject
Global
	GlobalSection(SolutionConfigurationPlatforms) = preSolution
		Debug|Any CPU = Debug|Any CPU
		Release|Any CPU = Release|Any CPU
	EndGlobalSection
	GlobalSection(ProjectConfigurationPlatforms) = postSolution
		{EEA859BD-72A8-7C53-7047-B6C725518378}.Debug|Any CPU.ActiveCfg = Debug|Any CPU
		{EEA859BD-72A8-7C53-7047-B6C725518378}.Debug|Any CPU.Build.0 = Debug|Any CPU
		{EEA859BD-72A8-7C53-7047-B6C725518378}.Release|Any CPU.ActiveCfg = Release|Any CPU
		{EEA859BD-72A8-7C53-7047-B6C725518378}.Release|Any CPU.Build.0 = Release|Any CPU
	EndGlobalSection
	GlobalSection(SolutionProperties) = preSolution
		HideSolutionNode = FALSE
	EndGlobalSection
EndGlobal
